
Microsoft Visual Studio Solution File, Format Version 11.00
# Visual Studio 2010
Project("{FAE04EC0-301F-11D3-BF4B-00C04F79EFBC}") = "GF.Mvc01", "GF.Mvc01\GF.Mvc01.csproj", "{3DF7DD2B-6A6E-47A7-A2B1-B66E610DF515}"
EndProject
Project("{FAE04EC0-301F-11D3-BF4B-00C04F79EFBC}") = "GF.Mvc01.Facts", "GF.Mvc01.Facts\GF.Mvc01.Facts.csproj", "{5F903553-342E-48D1-B4DD-408DC7C542A3}"
EndProject
Global
	GlobalSection(SolutionConfigurationPlatforms) = preSolution
		Debug|Any CPU = Debug|Any CPU
		Release|Any CPU = Release|Any CPU
	EndGlobalSection
	GlobalSection(ProjectConfigurationPlatforms) = postSolution
		{3DF7DD2B-6A6E-47A7-A2B1-B66E610DF515}.Debug|Any CPU.ActiveCfg = Debug|Any CPU
		{3DF7DD2B-6A6E-47A7-A2B1-B66E610DF515}.Debug|Any CPU.Build.0 = Debug|Any CPU
		{3DF7DD2B-6A6E-47A7-A2B1-B66E610DF515}.Release|Any CPU.ActiveCfg = Release|Any CPU
		{3DF7DD2B-6A6E-47A7-A2B1-B66E610DF515}.Release|Any CPU.Build.0 = Release|Any CPU
		{5F903553-342E-48D1-B4DD-408DC7C542A3}.Debug|Any CPU.ActiveCfg = Debug|Any CPU
		{5F903553-342E-48D1-B4DD-408DC7C542A3}.Debug|Any CPU.Build.0 = Debug|Any CPU
		{5F903553-342E-48D1-B4DD-408DC7C542A3}.Release|Any CPU.ActiveCfg = Release|Any CPU
		{5F903553-342E-48D1-B4DD-408DC7C542A3}.Release|Any CPU.Build.0 = Release|Any CPU
	EndGlobalSection
	GlobalSection(SolutionProperties) = preSolution
		HideSolutionNode = FALSE
	EndGlobalSection
EndGlobal
